
Microsoft Visual Studio Solution File, Format Version 12.00
# Visual Studio Version 17
VisualStudioVersion = 17.4.33205.214
MinimumVisualStudioVersion = 10.0.40219.1
Project("{8BC9CEB8-8B4A-11D0-8D11-00A0C91BC942}") = "TgFirmware", "TgFirmware\TgFirmware.vcxproj", "{62DBEF32-AC31-4A24-BBCD-F4845B556822}"
EndProject
Global
	GlobalSection(SolutionConfigurationPlatforms) = preSolution
		Debug|x64 = Debug|x64
		Debug|x86 = Debug|x86
		Release|x64 = Release|x64
		Release|x86 = Release|x86
	EndGlobalSection
	GlobalSection(ProjectConfigurationPlatforms) = postSolution
		{62DBEF32-AC31-4A24-BBCD-F4845B556822}.Debug|x64.ActiveCfg = Release|x64
		{62DBEF32-AC31-4A24-BBCD-F4845B556822}.Debug|x64.Build.0 = Release|x64
		{62DBEF32-AC31-4A24-BBCD-F4845B556822}.Debug|x86.ActiveCfg = Debug|x64
		{62DBEF32-AC31-4A24-BBCD-F4845B556822}.Release|x64.ActiveCfg = Release|x64
		{62DBEF32-AC31-4A24-BBCD-F4845B556822}.Release|x64.Build.0 = Release|x64
		{62DBEF32-AC31-4A24-BBCD-F4845B556822}.Release|x86.ActiveCfg = Release|Win32
		{62DBEF32-AC31-4A24-BBCD-F4845B556822}.Release|x86.Build.0 = Release|Win32
	EndGlobalSection
	GlobalSection(SolutionProperties) = preSolution
		HideSolutionNode = FALSE
	EndGlobalSection
	GlobalSection(ExtensibilityGlobals) = postSolution
		SolutionGuid = {7F509D69-BEC6-450A-831B-84FB7191B2BA}
	EndGlobalSection
EndGlobal
